<Solution><Folder Name="/src/"><Project Path="src/QuickGrab.BrowserProtocol/QuickGrab.BrowserProtocol.csproj"/><Project Path="src/QuickGrab.NativeHost/QuickGrab.NativeHost.csproj"/><Project Path="src/DownloadManager.Core/DownloadManager.Core.csproj"/><Project Path="src/DownloadManager.App/DownloadManager.App.csproj"/></Folder><Folder Name="/tests/"><Project Path="tests/DownloadManager.Tests/DownloadManager.Tests.csproj"/></Folder></Solution>
